
Microsoft Visual Studio Solution File, Format Version 12.00
# Visual Studio 15
VisualStudioVersion = 15.0.28010.2019
MinimumVisualStudioVersion = 10.0.40219.1
Project("{9A19103F-16F7-4668-BE54-9A1E7A4F7556}") = "WebShop", "WebShop\WebShop.csproj", "{97E09D8C-BA88-4B86-B0F3-F8947A091B6C}"
EndProject
Project("{9A19103F-16F7-4668-BE54-9A1E7A4F7556}") = "WebShop.Domain", "WebShop.Domain\WebShop.Domain.csproj", "{8939BD8D-85BA-4153-ACF3-2255EB9C0B52}"
EndProject
Project("{9A19103F-16F7-4668-BE54-9A1E7A4F7556}") = "WebShop.DAL", "WebShop.DAL\WebShop.DAL.csproj", "{B113F2DA-AAE8-407D-85AB-1F3DCADB9032}"
EndProject
Project("{2150E333-8FDC-42A3-9474-1A3956D46DE8}") = "Common", "Common", "{4A82AE16-1C59-4475-842E-2807C2ADA08C}"
EndProject
Project("{2150E333-8FDC-42A3-9474-1A3956D46DE8}") = "Services", "Services", "{E8A48AC4-A243-4654-A57E-5CE6AB4DE89A}"
EndProject
Project("{2150E333-8FDC-42A3-9474-1A3956D46DE8}") = "Ui", "Ui", "{530D0656-A9F1-4E11-93C6-708C17E35492}"
EndProject
Project("{9A19103F-16F7-4668-BE54-9A1E7A4F7556}") = "WebShop.ServicesHosting", "WebShop.ServicesHosting\WebShop.ServicesHosting.csproj", "{A2DF21D5-BC88-4F82-8AA7-964427EBB913}"
EndProject
Project("{9A19103F-16F7-4668-BE54-9A1E7A4F7556}") = "WebShop.Interfaces", "WebShop.Interfaces\WebShop.Interfaces.csproj", "{DBEBAA0F-B7DC-41AF-83B9-331C549F0DB3}"
EndProject
Project("{2150E333-8FDC-42A3-9474-1A3956D46DE8}") = "Clients", "Clients", "{A6C0CAFC-D48D-4FE2-8EBB-351B7069443C}"
EndProject
Project("{9A19103F-16F7-4668-BE54-9A1E7A4F7556}") = "WebShop.Clients", "WebShop.Clients\WebShop.Clients.csproj", "{C38B2404-C903-4982-97D7-68B7264B3CD3}"
EndProject
Project("{FAE04EC0-301F-11D3-BF4B-00C04F79EFBC}") = "WebShop.Services", "WebShop.Services\WebShop.Services.csproj", "{9A8631B6-DD54-433B-9F46-8C1B60F07779}"
EndProject
Global
	GlobalSection(SolutionConfigurationPlatforms) = preSolution
		Debug|Any CPU = Debug|Any CPU
		Release|Any CPU = Release|Any CPU
	EndGlobalSection
	GlobalSection(ProjectConfigurationPlatforms) = postSolution
		{97E09D8C-BA88-4B86-B0F3-F8947A091B6C}.Debug|Any CPU.ActiveCfg = Debug|Any CPU
		{97E09D8C-BA88-4B86-B0F3-F8947A091B6C}.Debug|Any CPU.Build.0 = Debug|Any CPU
		{97E09D8C-BA88-4B86-B0F3-F8947A091B6C}.Release|Any CPU.ActiveCfg = Release|Any CPU
		{97E09D8C-BA88-4B86-B0F3-F8947A091B6C}.Release|Any CPU.Build.0 = Release|Any CPU
		{8939BD8D-85BA-4153-ACF3-2255EB9C0B52}.Debug|Any CPU.ActiveCfg = Debug|Any CPU
		{8939BD8D-85BA-4153-ACF3-2255EB9C0B52}.Debug|Any CPU.Build.0 = Debug|Any CPU
		{8939BD8D-85BA-4153-ACF3-2255EB9C0B52}.Release|Any CPU.ActiveCfg = Release|Any CPU
		{8939BD8D-85BA-4153-ACF3-2255EB9C0B52}.Release|Any CPU.Build.0 = Release|Any CPU
		{B113F2DA-AAE8-407D-85AB-1F3DCADB9032}.Debug|Any CPU.ActiveCfg = Debug|Any CPU
		{B113F2DA-AAE8-407D-85AB-1F3DCADB9032}.Debug|Any CPU.Build.0 = Debug|Any CPU
		{B113F2DA-AAE8-407D-85AB-1F3DCADB9032}.Release|Any CPU.ActiveCfg = Release|Any CPU
		{B113F2DA-AAE8-407D-85AB-1F3DCADB9032}.Release|Any CPU.Build.0 = Release|Any CPU
		{A2DF21D5-BC88-4F82-8AA7-964427EBB913}.Debug|Any CPU.ActiveCfg = Debug|Any CPU
		{A2DF21D5-BC88-4F82-8AA7-964427EBB913}.Debug|Any CPU.Build.0 = Debug|Any CPU
		{A2DF21D5-BC88-4F82-8AA7-964427EBB913}.Release|Any CPU.ActiveCfg = Release|Any CPU
		{A2DF21D5-BC88-4F82-8AA7-964427EBB913}.Release|Any CPU.Build.0 = Release|Any CPU
		{DBEBAA0F-B7DC-41AF-83B9-331C549F0DB3}.Debug|Any CPU.ActiveCfg = Debug|Any CPU
		{DBEBAA0F-B7DC-41AF-83B9-331C549F0DB3}.Debug|Any CPU.Build.0 = Debug|Any CPU
		{DBEBAA0F-B7DC-41AF-83B9-331C549F0DB3}.Release|Any CPU.ActiveCfg = Release|Any CPU
		{DBEBAA0F-B7DC-41AF-83B9-331C549F0DB3}.Release|Any CPU.Build.0 = Release|Any CPU
		{C38B2404-C903-4982-97D7-68B7264B3CD3}.Debug|Any CPU.ActiveCfg = Debug|Any CPU
		{C38B2404-C903-4982-97D7-68B7264B3CD3}.Debug|Any CPU.Build.0 = Debug|Any CPU
		{C38B2404-C903-4982-97D7-68B7264B3CD3}.Release|Any CPU.ActiveCfg = Release|Any CPU
		{C38B2404-C903-4982-97D7-68B7264B3CD3}.Release|Any CPU.Build.0 = Release|Any CPU
		{9A8631B6-DD54-433B-9F46-8C1B60F07779}.Debug|Any CPU.ActiveCfg = Debug|Any CPU
		{9A8631B6-DD54-433B-9F46-8C1B60F07779}.Debug|Any CPU.Build.0 = Debug|Any CPU
		{9A8631B6-DD54-433B-9F46-8C1B60F07779}.Release|Any CPU.ActiveCfg = Release|Any CPU
		{9A8631B6-DD54-433B-9F46-8C1B60F07779}.Release|Any CPU.Build.0 = Release|Any CPU
	EndGlobalSection
	GlobalSection(SolutionProperties) = preSolution
		HideSolutionNode = FALSE
	EndGlobalSection
	GlobalSection(NestedProjects) = preSolution
		{97E09D8C-BA88-4B86-B0F3-F8947A091B6C} = {530D0656-A9F1-4E11-93C6-708C17E35492}
		{8939BD8D-85BA-4153-ACF3-2255EB9C0B52} = {4A82AE16-1C59-4475-842E-2807C2ADA08C}
		{B113F2DA-AAE8-407D-85AB-1F3DCADB9032} = {E8A48AC4-A243-4654-A57E-5CE6AB4DE89A}
		{A2DF21D5-BC88-4F82-8AA7-964427EBB913} = {E8A48AC4-A243-4654-A57E-5CE6AB4DE89A}
		{DBEBAA0F-B7DC-41AF-83B9-331C549F0DB3} = {4A82AE16-1C59-4475-842E-2807C2ADA08C}
		{C38B2404-C903-4982-97D7-68B7264B3CD3} = {A6C0CAFC-D48D-4FE2-8EBB-351B7069443C}
		{9A8631B6-DD54-433B-9F46-8C1B60F07779} = {E8A48AC4-A243-4654-A57E-5CE6AB4DE89A}
	EndGlobalSection
	GlobalSection(ExtensibilityGlobals) = postSolution
		SolutionGuid = {52C81470-8C99-4509-AC4B-4902D401B80D}
	EndGlobalSection
EndGlobal
