
Microsoft Visual Studio Solution File, Format Version 12.00
# Visual Studio 15
VisualStudioVersion = 15.0.28010.2019
MinimumVisualStudioVersion = 10.0.40219.1
Project("{9A19103F-16F7-4668-BE54-9A1E7A4F7556}") = "WebShop", "WebShop\WebShop.csproj", "{97E09D8C-BA88-4B86-B0F3-F8947A091B6C}"
EndProject
Project("{FAE04EC0-301F-11D3-BF4B-00C04F79EFBC}") = "WebShop.Domain", "WebShop.Domain\WebShop.Domain.csproj", "{8939BD8D-85BA-4153-ACF3-2255EB9C0B52}"
EndProject
Global
	GlobalSection(SolutionConfigurationPlatforms) = preSolution
		Debug|Any CPU = Debug|Any CPU
		Release|Any CPU = Release|Any CPU
	EndGlobalSection
	GlobalSection(ProjectConfigurationPlatforms) = postSolution
		{97E09D8C-BA88-4B86-B0F3-F8947A091B6C}.Debug|Any CPU.ActiveCfg = Debug|Any CPU
		{97E09D8C-BA88-4B86-B0F3-F8947A091B6C}.Debug|Any CPU.Build.0 = Debug|Any CPU
		{97E09D8C-BA88-4B86-B0F3-F8947A091B6C}.Release|Any CPU.ActiveCfg = Release|Any CPU
		{97E09D8C-BA88-4B86-B0F3-F8947A091B6C}.Release|Any CPU.Build.0 = Release|Any CPU
		{8939BD8D-85BA-4153-ACF3-2255EB9C0B52}.Debug|Any CPU.ActiveCfg = Debug|Any CPU
		{8939BD8D-85BA-4153-ACF3-2255EB9C0B52}.Debug|Any CPU.Build.0 = Debug|Any CPU
		{8939BD8D-85BA-4153-ACF3-2255EB9C0B52}.Release|Any CPU.ActiveCfg = Release|Any CPU
		{8939BD8D-85BA-4153-ACF3-2255EB9C0B52}.Release|Any CPU.Build.0 = Release|Any CPU
	EndGlobalSection
	GlobalSection(SolutionProperties) = preSolution
		HideSolutionNode = FALSE
	EndGlobalSection
	GlobalSection(ExtensibilityGlobals) = postSolution
		SolutionGuid = {52C81470-8C99-4509-AC4B-4902D401B80D}
	EndGlobalSection
EndGlobal
